// !$*UTF8*$!
{
	archiveVersion = 1;
	classes = {
	};
	objectVersion = 55;
	objects = {

/* Begin PBXBuildFile section */
		7D50BBBF28B3808F00B710EB /* AppDelegate.swift in Sources */ = {isa = PBXBuildFile; fileRef = 7D50BBBE28B3808F00B710EB /* AppDelegate.swift */; };
		7D50BBC128B3808F00B710EB /* SceneDelegate.swift in Sources */ = {isa = PBXBuildFile; fileRef = 7D50BBC028B3808F00B710EB /* SceneDelegate.swift */; };
		7D50BBC328B3808F00B710EB /* ViewController.swift in Sources */ = {isa = PBXBuildFile; fileRef = 7D50BBC228B3808F00B710EB /* ViewController.swift */; };
		7D50BBC628B3808F00B710EB /* Main.storyboard in Resources */ = {isa = PBXBuildFile; fileRef = 7D50BBC428B3808F00B710EB /* Main.storyboard */; };
		7D50BBC828B3809100B710EB /* Assets.xcassets in Resources */ = {isa = PBXBuildFile; fileRef = 7D50BBC728B3809100B710EB /* Assets.xcassets */; };
		7D50BBCB28B3809100B710EB /* LaunchScreen.storyboard in Resources */ = {isa = PBXBuildFile; fileRef = 7D50BBC928B3809100B710EB /* LaunchScreen.storyboard */; };
		7D50BBD928B3DEFE00B710EB /* example.in (1).json in Resources */ = {isa = PBXBuildFile; fileRef = 7D50BBD828B3DEFE00B710EB /* example.in (1).json */; };
		7D50BBDB28B3E0EC00B710EB /* example.out in Resources */ = {isa = PBXBuildFile; fileRef = 7D50BBDA28B3E0EC00B710EB /* example.out */; };
		7D50BBDD28B3E28D00B710EB /* example_big.in.json in Resources */ = {isa = PBXBuildFile; fileRef = 7D50BBDC28B3E28C00B710EB /* example_big.in.json */; };
		7D50BBDF28B3E29700B710EB /* example_big.out in Resources */ = {isa = PBXBuildFile; fileRef = 7D50BBDE28B3E29700B710EB /* example_big.out */; };
		7D50BBE128B3E45900B710EB /* test.out in Resources */ = {isa = PBXBuildFile; fileRef = 7D50BBE028B3E45900B710EB /* test.out */; };
		7D50BBE328B3E73100B710EB /* test.in.json in Resources */ = {isa = PBXBuildFile; fileRef = 7D50BBE228B3E73100B710EB /* test.in.json */; };
/* End PBXBuildFile section */

/* Begin PBXFileReference section */
		7D50BBBB28B3808F00B710EB /* Synonyms proj.app */ = {isa = PBXFileReference; explicitFileType = wrapper.application; includeInIndex = 0; path = "Synonyms proj.app"; sourceTree = BUILT_PRODUCTS_DIR; };
		7D50BBBE28B3808F00B710EB /* AppDelegate.swift */ = {isa = PBXFileReference; lastKnownFileType = sourcecode.swift; path = AppDelegate.swift; sourceTree = "<group>"; };
		7D50BBC028B3808F00B710EB /* SceneDelegate.swift */ = {isa = PBXFileReference; lastKnownFileType = sourcecode.swift; path = SceneDelegate.swift; sourceTree = "<group>"; };
		7D50BBC228B3808F00B710EB /* ViewController.swift */ = {isa = PBXFileReference; lastKnownFileType = sourcecode.swift; path = ViewController.swift; sourceTree = "<group>"; };
		7D50BBC528B3808F00B710EB /* Base */ = {isa = PBXFileReference; lastKnownFileType = file.storyboard; name = Base; path = Base.lproj/Main.storyboard; sourceTree = "<group>"; };
		7D50BBC728B3809100B710EB /* Assets.xcassets */ = {isa = PBXFileReference; lastKnownFileType = folder.assetcatalog; path = Assets.xcassets; sourceTree = "<group>"; };
		7D50BBCA28B3809100B710EB /* Base */ = {isa = PBXFileReference; lastKnownFileType = file.storyboard; name = Base; path = Base.lproj/LaunchScreen.storyboard; sourceTree = "<group>"; };
		7D50BBCC28B3809100B710EB /* Info.plist */ = {isa = PBXFileReference; lastKnownFileType = text.plist.xml; path = Info.plist; sourceTree = "<group>"; };
		7D50BBD828B3DEFE00B710EB /* example.in (1).json */ = {isa = PBXFileReference; fileEncoding = 4; lastKnownFileType = text.json; name = "example.in (1).json"; path = "../../../Downloads/example.in (1).json"; sourceTree = "<group>"; };
		7D50BBDA28B3E0EC00B710EB /* example.out */ = {isa = PBXFileReference; fileEncoding = 4; lastKnownFileType = text; name = example.out; path = ../../../Downloads/example.out; sourceTree = "<group>"; };
		7D50BBDC28B3E28C00B710EB /* example_big.in.json */ = {isa = PBXFileReference; fileEncoding = 4; lastKnownFileType = text.json; name = example_big.in.json; path = ../../../Downloads/example_big.in.json; sourceTree = "<group>"; };
		7D50BBDE28B3E29700B710EB /* example_big.out */ = {isa = PBXFileReference; fileEncoding = 4; lastKnownFileType = text; name = example_big.out; path = ../../../Downloads/example_big.out; sourceTree = "<group>"; };
		7D50BBE028B3E45900B710EB /* test.out */ = {isa = PBXFileReference; lastKnownFileType = text; path = test.out; sourceTree = "<group>"; };
		7D50BBE228B3E73100B710EB /* test.in.json */ = {isa = PBXFileReference; fileEncoding = 4; lastKnownFileType = text.json; name = test.in.json; path = ../../../Downloads/test.in.json; sourceTree = "<group>"; };
/* End PBXFileReference section */

/* Begin PBXFrameworksBuildPhase section */
		7D50BBB828B3808F00B710EB /* Frameworks */ = {
			isa = PBXFrameworksBuildPhase;
			buildActionMask = 2147483647;
			files = (
			);
			runOnlyForDeploymentPostprocessing = 0;
		};
/* End PBXFrameworksBuildPhase section */

/* Begin PBXGroup section */
		7D50BBB228B3808F00B710EB = {
			isa = PBXGroup;
			children = (
				7D50BBBD28B3808F00B710EB /* Synonyms proj */,
				7D50BBBC28B3808F00B710EB /* Products */,
			);
			sourceTree = "<group>";
		};
		7D50BBBC28B3808F00B710EB /* Products */ = {
			isa = PBXGroup;
			children = (
				7D50BBBB28B3808F00B710EB /* Synonyms proj.app */,
			);
			name = Products;
			sourceTree = "<group>";
		};
		7D50BBBD28B3808F00B710EB /* Synonyms proj */ = {
			isa = PBXGroup;
			children = (
				7D50BBBE28B3808F00B710EB /* AppDelegate.swift */,
				7D50BBC028B3808F00B710EB /* SceneDelegate.swift */,
				7D50BBC228B3808F00B710EB /* ViewController.swift */,
				7D50BBC428B3808F00B710EB /* Main.storyboard */,
				7D50BBD828B3DEFE00B710EB /* example.in (1).json */,
				7D50BBDC28B3E28C00B710EB /* example_big.in.json */,
				7D50BBDA28B3E0EC00B710EB /* example.out */,
				7D50BBDE28B3E29700B710EB /* example_big.out */,
				7D50BBE028B3E45900B710EB /* test.out */,
				7D50BBE228B3E73100B710EB /* test.in.json */,
				7D50BBC728B3809100B710EB /* Assets.xcassets */,
				7D50BBC928B3809100B710EB /* LaunchScreen.storyboard */,
				7D50BBCC28B3809100B710EB /* Info.plist */,
			);
			path = "Synonyms proj";
			sourceTree = "<group>";
		};
/* End PBXGroup section */

/* Begin PBXNativeTarget section */
		7D50BBBA28B3808F00B710EB /* Synonyms proj */ = {
			isa = PBXNativeTarget;
			buildConfigurationList = 7D50BBCF28B3809100B710EB /* Build configuration list for PBXNativeTarget "Synonyms proj" */;
			buildPhases = (
				7D50BBB728B3808F00B710EB /* Sources */,
				7D50BBB828B3808F00B710EB /* Frameworks */,
				7D50BBB928B3808F00B710EB /* Resources */,
			);
			buildRules = (
			);
			dependencies = (
			);
			name = "Synonyms proj";
			productName = "Synonyms proj";
			productReference = 7D50BBBB28B3808F00B710EB /* Synonyms proj.app */;
			productType = "com.apple.product-type.application";
		};
/* End PBXNativeTarget section */

/* Begin PBXProject section */
		7D50BBB328B3808F00B710EB /* Project object */ = {
			isa = PBXProject;
			attributes = {
				BuildIndependentTargetsInParallel = 1;
				LastSwiftUpdateCheck = 1340;
				LastUpgradeCheck = 1340;
				TargetAttributes = {
					7D50BBBA28B3808F00B710EB = {
						CreatedOnToolsVersion = 13.4.1;
					};
				};
			};
			buildConfigurationList = 7D50BBB628B3808F00B710EB /* Build configuration list for PBXProject "Synonyms proj" */;
			compatibilityVersion = "Xcode 13.0";
			developmentRegion = en;
			hasScannedForEncodings = 0;
			knownRegions = (
				en,
				Base,
			);
			mainGroup = 7D50BBB228B3808F00B710EB;
			productRefGroup = 7D50BBBC28B3808F00B710EB /* Products */;
			projectDirPath = "";
			projectRoot = "";
			targets = (
				7D50BBBA28B3808F00B710EB /* Synonyms proj */,
			);
		};
/* End PBXProject section */

/* Begin PBXResourcesBuildPhase section */
		7D50BBB928B3808F00B710EB /* Resources */ = {
			isa = PBXResourcesBuildPhase;
			buildActionMask = 2147483647;
			files = (
				7D50BBE128B3E45900B710EB /* test.out in Resources */,
				7D50BBD928B3DEFE00B710EB /* example.in (1).json in Resources */,
				7D50BBCB28B3809100B710EB /* LaunchScreen.storyboard in Resources */,
				7D50BBDF28B3E29700B710EB /* example_big.out in Resources */,
				7D50BBDD28B3E28D00B710EB /* example_big.in.json in Resources */,
				7D50BBDB28B3E0EC00B710EB /* example.out in Resources */,
				7D50BBE328B3E73100B710EB /* test.in.json in Resources */,
				7D50BBC828B3809100B710EB /* Assets.xcassets in Resources */,
				7D50BBC628B3808F00B710EB /* Main.storyboard in Resources */,
			);
			runOnlyForDeploymentPostprocessing = 0;
		};
/* End PBXResourcesBuildPhase section */

/* Begin PBXSourcesBuildPhase section */
		7D50BBB728B3808F00B710EB /* Sources */ = {
			isa = PBXSourcesBuildPhase;
			buildActionMask = 2147483647;
			files = (
				7D50BBC328B3808F00B710EB /* ViewController.swift in Sources */,
				7D50BBBF28B3808F00B710EB /* AppDelegate.swift in Sources */,
				7D50BBC128B3808F00B710EB /* SceneDelegate.swift in Sources */,
			);
			runOnlyForDeploymentPostprocessing = 0;
		};
/* End PBXSourcesBuildPhase section */

/* Begin PBXVariantGroup section */
		7D50BBC428B3808F00B710EB /* Main.storyboard */ = {
			isa = PBXVariantGroup;
			children = (
				7D50BBC528B3808F00B710EB /* Base */,
			);
			name = Main.storyboard;
			sourceTree = "<group>";
		};
		7D50BBC928B3809100B710EB /* LaunchScreen.storyboard */ = {
			isa = PBXVariantGroup;
			children = (
				7D50BBCA28B3809100B710EB /* Base */,
			);
			name = LaunchScreen.storyboard;
			sourceTree = "<group>";
		};
/* End PBXVariantGroup section */

/* Begin XCBuildConfiguration section */
		7D50BBCD28B3809100B710EB /* Debug */ = {
			isa = XCBuildConfiguration;
			buildSettings = {
				ALWAYS_SEARCH_USER_PATHS = NO;
				CLANG_ANALYZER_NONNULL = YES;
				CLANG_ANALYZER_NUMBER_OBJECT_CONVERSION = YES_AGGRESSIVE;
				CLANG_CXX_LANGUAGE_STANDARD = "gnu++17";
				CLANG_ENABLE_MODULES = YES;
				CLANG_ENABLE_OBJC_ARC = YES;
				CLANG_ENABLE_OBJC_WEAK = YES;
				CLANG_WARN_BLOCK_CAPTURE_AUTORELEASING = YES;
				CLANG_WARN_BOOL_CONVERSION = YES;
				CLANG_WARN_COMMA = YES;
				CLANG_WARN_CONSTANT_CONVERSION = YES;
				CLANG_WARN_DEPRECATED_OBJC_IMPLEMENTATIONS = YES;
				CLANG_WARN_DIRECT_OBJC_ISA_USAGE = YES_ERROR;
				CLANG_WARN_DOCUMENTATION_COMMENTS = YES;
				CLANG_WARN_EMPTY_BODY = YES;
				CLANG_WARN_ENUM_CONVERSION = YES;
				CLANG_WARN_INFINITE_RECURSION = YES;
				CLANG_WARN_INT_CONVERSION = YES;
				CLANG_WARN_NON_LITERAL_NULL_CONVERSION = YES;
				CLANG_WARN_OBJC_IMPLICIT_RETAIN_SELF = YES;
				CLANG_WARN_OBJC_LITERAL_CONVERSION = YES;
				CLANG_WARN_OBJC_ROOT_CLASS = YES_ERROR;
				CLANG_WARN_QUOTED_INCLUDE_IN_FRAMEWORK_HEADER = YES;
				CLANG_WARN_RANGE_LOOP_ANALYSIS = YES;
				CLANG_WARN_STRICT_PROTOTYPES = YES;
				CLANG_WARN_SUSPICIOUS_MOVE = YES;
				CLANG_WARN_UNGUARDED_AVAILABILITY = YES_AGGRESSIVE;
				CLANG_WARN_UNREACHABLE_CODE = YES;
				CLANG_WARN__DUPLICATE_METHOD_MATCH = YES;
				COPY_PHASE_STRIP = NO;
				DEBUG_INFORMATION_FORMAT = dwarf;
				ENABLE_STRICT_OBJC_MSGSEND = YES;
				ENABLE_TESTABILITY = YES;
				GCC_C_LANGUAGE_STANDARD = gnu11;
				GCC_DYNAMIC_NO_PIC = NO;
				GCC_NO_COMMON_BLOCKS = YES;
				GCC_OPTIMIZATION_LEVEL = 0;
				GCC_PREPROCESSOR_DEFINITIONS = (
					"DEBUG=1",
					"$(inherited)",
				);
				GCC_WARN_64_TO_32_BIT_CONVERSION = YES;
				GCC_WARN_ABOUT_RETURN_TYPE = YES_ERROR;
				GCC_WARN_UNDECLARED_SELECTOR = YES;
				GCC_WARN_UNINITIALIZED_AUTOS = YES_AGGRESSIVE;
				GCC_WARN_UNUSED_FUNCTION = YES;
				GCC_WARN_UNUSED_VARIABLE = YES;
				IPHONEOS_DEPLOYMENT_TARGET = 15.5;
				MTL_ENABLE_DEBUG_INFO = INCLUDE_SOURCE;
				MTL_FAST_MATH = YES;
				ONLY_ACTIVE_ARCH = YES;
				SDKROOT = iphoneos;
				SWIFT_ACTIVE_COMPILATION_CONDITIONS = DEBUG;
				SWIFT_OPTIMIZATION_LEVEL = "-Onone";
			};
			name = Debug;
		};
		7D50BBCE28B3809100B710EB /* Release */ = {
			isa = XCBuildConfiguration;
			buildSettings = {
				ALWAYS_SEARCH_USER_PATHS = NO;
				CLANG_ANALYZER_NONNULL = YES;
				CLANG_ANALYZER_NUMBER_OBJECT_CONVERSION = YES_AGGRESSIVE;
				CLANG_CXX_LANGUAGE_STANDARD = "gnu++17";
				CLANG_ENABLE_MODULES = YES;
				CLANG_ENABLE_OBJC_ARC = YES;
				CLANG_ENABLE_OBJC_WEAK = YES;
				CLANG_WARN_BLOCK_CAPTURE_AUTORELEASING = YES;
				CLANG_WARN_BOOL_CONVERSION = YES;
				CLANG_WARN_COMMA = YES;
				CLANG_WARN_CONSTANT_CONVERSION = YES;
				CLANG_WARN_DEPRECATED_OBJC_IMPLEMENTATIONS = YES;
				CLANG_WARN_DIRECT_OBJC_ISA_USAGE = YES_ERROR;
				CLANG_WARN_DOCUMENTATION_COMMENTS = YES;
				CLANG_WARN_EMPTY_BODY = YES;
				CLANG_WARN_ENUM_CONVERSION = YES;
				CLANG_WARN_INFINITE_RECURSION = YES;
				CLANG_WARN_INT_CONVERSION = YES;
				CLANG_WARN_NON_LITERAL_NULL_CONVERSION = YES;
				CLANG_WARN_OBJC_IMPLICIT_RETAIN_SELF = YES;
				CLANG_WARN_OBJC_LITERAL_CONVERSION = YES;
				CLANG_WARN_OBJC_ROOT_CLASS = YES_ERROR;
				CLANG_WARN_QUOTED_INCLUDE_IN_FRAMEWORK_HEADER = YES;
				CLANG_WARN_RANGE_LOOP_ANALYSIS = YES;
				CLANG_WARN_STRICT_PROTOTYPES = YES;
				CLANG_WARN_SUSPICIOUS_MOVE = YES;
				CLANG_WARN_UNGUARDED_AVAILABILITY = YES_AGGRESSIVE;
				CLANG_WARN_UNREACHABLE_CODE = YES;
				CLANG_WARN__DUPLICATE_METHOD_MATCH = YES;
				COPY_PHASE_STRIP = NO;
				DEBUG_INFORMATION_FORMAT = "dwarf-with-dsym";
				ENABLE_NS_ASSERTIONS = NO;
				ENABLE_STRICT_OBJC_MSGSEND = YES;
				GCC_C_LANGUAGE_STANDARD = gnu11;
				GCC_NO_COMMON_BLOCKS = YES;
				GCC_WARN_64_TO_32_BIT_CONVERSION = YES;
				GCC_WARN_ABOUT_RETURN_TYPE = YES_ERROR;
				GCC_WARN_UNDECLARED_SELECTOR = YES;
				GCC_WARN_UNINITIALIZED_AUTOS = YES_AGGRESSIVE;
				GCC_WARN_UNUSED_FUNCTION = YES;
				GCC_WARN_UNUSED_VARIABLE = YES;
				IPHONEOS_DEPLOYMENT_TARGET = 15.5;
				MTL_ENABLE_DEBUG_INFO = NO;
				MTL_FAST_MATH = YES;
				SDKROOT = iphoneos;
				SWIFT_COMPILATION_MODE = wholemodule;
				SWIFT_OPTIMIZATION_LEVEL = "-O";
				VALIDATE_PRODUCT = YES;
			};
			name = Release;
		};
		7D50BBD028B3809100B710EB /* Debug */ = {
			isa = XCBuildConfiguration;
			buildSettings = {
				ASSETCATALOG_COMPILER_APPICON_NAME = AppIcon;
				ASSETCATALOG_COMPILER_GLOBAL_ACCENT_COLOR_NAME = AccentColor;
				CODE_SIGN_STYLE = Automatic;
				CURRENT_PROJECT_VERSION = 1;
				DEVELOPMENT_TEAM = 53HWTU2CV6;
				GENERATE_INFOPLIST_FILE = YES;
				INFOPLIST_FILE = "Synonyms proj/Info.plist";
				INFOPLIST_KEY_UIApplicationSupportsIndirectInputEvents = YES;
				INFOPLIST_KEY_UILaunchStoryboardName = LaunchScreen;
				INFOPLIST_KEY_UIMainStoryboardFile = Main;
				INFOPLIST_KEY_UISupportedInterfaceOrientations_iPad = "UIInterfaceOrientationPortrait UIInterfaceOrientationPortraitUpsideDown UIInterfaceOrientationLandscapeLeft UIInterfaceOrientationLandscapeRight";
				INFOPLIST_KEY_UISupportedInterfaceOrientations_iPhone = "UIInterfaceOrientationPortrait UIInterfaceOrientationLandscapeLeft UIInterfaceOrientationLandscapeRight";
				LD_RUNPATH_SEARCH_PATHS = (
					"$(inherited)",
					"@executable_path/Frameworks",
				);
				MARKETING_VERSION = 1.0;
				PRODUCT_BUNDLE_IDENTIFIER = "leoostrovskiy.testproject.Synonyms-proj";
				PRODUCT_NAME = "$(TARGET_NAME)";
				SWIFT_EMIT_LOC_STRINGS = YES;
				SWIFT_VERSION = 5.0;
				TARGETED_DEVICE_FAMILY = "1,2";
			};
			name = Debug;
		};
		7D50BBD128B3809100B710EB /* Release */ = {
			isa = XCBuildConfiguration;
			buildSettings = {
				ASSETCATALOG_COMPILER_APPICON_NAME = AppIcon;
				ASSETCATALOG_COMPILER_GLOBAL_ACCENT_COLOR_NAME = AccentColor;
				CODE_SIGN_STYLE = Automatic;
				CURRENT_PROJECT_VERSION = 1;
				DEVELOPMENT_TEAM = 53HWTU2CV6;
				GENERATE_INFOPLIST_FILE = YES;
				INFOPLIST_FILE = "Synonyms proj/Info.plist";
				INFOPLIST_KEY_UIApplicationSupportsIndirectInputEvents = YES;
				INFOPLIST_KEY_UILaunchStoryboardName = LaunchScreen;
				INFOPLIST_KEY_UIMainStoryboardFile = Main;
				INFOPLIST_KEY_UISupportedInterfaceOrientations_iPad = "UIInterfaceOrientationPortrait UIInterfaceOrientationPortraitUpsideDown UIInterfaceOrientationLandscapeLeft UIInterfaceOrientationLandscapeRight";
				INFOPLIST_KEY_UISupportedInterfaceOrientations_iPhone = "UIInterfaceOrientationPortrait UIInterfaceOrientationLandscapeLeft UIInterfaceOrientationLandscapeRight";
				LD_RUNPATH_SEARCH_PATHS = (
					"$(inherited)",
					"@executable_path/Frameworks",
				);
				MARKETING_VERSION = 1.0;
				PRODUCT_BUNDLE_IDENTIFIER = "leoostrovskiy.testproject.Synonyms-proj";
				PRODUCT_NAME = "$(TARGET_NAME)";
				SWIFT_EMIT_LOC_STRINGS = YES;
				SWIFT_VERSION = 5.0;
				TARGETED_DEVICE_FAMILY = "1,2";
			};
			name = Release;
		};
/* End XCBuildConfiguration section */

/* Begin XCConfigurationList section */
		7D50BBB628B3808F00B710EB /* Build configuration list for PBXProject "Synonyms proj" */ = {
			isa = XCConfigurationList;
			buildConfigurations = (
				7D50BBCD28B3809100B710EB /* Debug */,
				7D50BBCE28B3809100B710EB /* Release */,
			);
			defaultConfigurationIsVisible = 0;
			defaultConfigurationName = Release;
		};
		7D50BBCF28B3809100B710EB /* Build configuration list for PBXNativeTarget "Synonyms proj" */ = {
			isa = XCConfigurationList;
			buildConfigurations = (
				7D50BBD028B3809100B710EB /* Debug */,
				7D50BBD128B3809100B710EB /* Release */,
			);
			defaultConfigurationIsVisible = 0;
			defaultConfigurationName = Release;
		};
/* End XCConfigurationList section */
	};
	rootObject = 7D50BBB328B3808F00B710EB /* Project object */;
}
